{
  "lockfileVersion": 1,
  "configVersion": 1,
  "workspaces": {
    "": {
      "name": "rackbops-bot-admin-theme",
      "devDependencies": {
        "@rackbops/styles": "0.2.42",
      },
    },
  },
  "packages": {
    "@rackbops/styles": ["@rackbops/styles@0.2.42", "", {}, "sha512-tlQtBVDTQH1F/jakAhorfMCWIhRt/oQPr5yUbd41NFK/AIOCHwiZQsoKUW5AYYOcHibuEC4lmZYzQNDHtmTUWw=="],
  }
}
